// !$*UTF8*$!
{
	archiveVersion = 1;
	classes = {
	};
	objectVersion = 46;
	objects = {

/* Begin PBXBuildFile section */
		E0AD7FA91CE223FA0032499E /* main.m in Sources */ = {isa = PBXBuildFile; fileRef = E0AD7FA81CE223FA0032499E /* main.m */; };
		E0AD7FB11CE2258D0032499E /* FFProcessor.m in Sources */ = {isa = PBXBuildFile; fileRef = E0AD7FB01CE2258D0032499E /* FFProcessor.m */; };
/* End PBXBuildFile section */

/* Begin PBXCopyFilesBuildPhase section */
		E0AD7FA31CE223FA0032499E /* CopyFiles */ = {
			isa = PBXCopyFilesBuildPhase;
			buildActionMask = 2147483647;
			dstPath = /usr/share/man/man1/;
			dstSubfolderSpec = 0;
			files = (
			);
			runOnlyForDeploymentPostprocessing = 1;
		};
/* End PBXCopyFilesBuildPhase section */

/* Begin PBXFileReference section */
		E0AD7FA51CE223FA0032499E /* FatFinger */ = {isa = PBXFileReference; explicitFileType = "compiled.mach-o.executable"; includeInIndex = 0; path = FatFinger; sourceTree = BUILT_PRODUCTS_DIR; };
		E0AD7FA81CE223FA0032499E /* main.m */ = {isa = PBXFileReference; lastKnownFileType = sourcecode.c.objc; path = main.m; sourceTree = "<group>"; };
		E0AD7FAF1CE2258D0032499E /* FFProcessor.h */ = {isa = PBXFileReference; fileEncoding = 4; lastKnownFileType = sourcecode.c.h; path = FFProcessor.h; sourceTree = "<group>"; };
		E0AD7FB01CE2258D0032499E /* FFProcessor.m */ = {isa = PBXFileReference; fileEncoding = 4; lastKnownFileType = sourcecode.c.objc; path = FFProcessor.m; sourceTree = "<group>"; };
/* End PBXFileReference section */

/* Begin PBXFrameworksBuildPhase section */
		E0AD7FA21CE223FA0032499E /* Frameworks */ = {
			isa = PBXFrameworksBuildPhase;
			buildActionMask = 2147483647;
			files = (
			);
			runOnlyForDeploymentPostprocessing = 0;
		};
/* End PBXFrameworksBuildPhase section */

/* Begin PBXGroup section */
		E0AD7F9C1CE223FA0032499E = {
			isa = PBXGroup;
			children = (
				E0AD7FA71CE223FA0032499E /* FatFinger */,
				E0AD7FA61CE223FA0032499E /* Products */,
			);
			sourceTree = "<group>";
		};
		E0AD7FA61CE223FA0032499E /* Products */ = {
			isa = PBXGroup;
			children = (
				E0AD7FA51CE223FA0032499E /* FatFinger */,
			);
			name = Products;
			sourceTree = "<group>";
		};
		E0AD7FA71CE223FA0032499E /* FatFinger */ = {
			isa = PBXGroup;
			children = (
				E0AD7FA81CE223FA0032499E /* main.m */,
				E0AD7FAF1CE2258D0032499E /* FFProcessor.h */,
				E0AD7FB01CE2258D0032499E /* FFProcessor.m */,
			);
			path = FatFinger;
			sourceTree = "<group>";
		};
/* End PBXGroup section */

/* Begin PBXNativeTarget section */
		E0AD7FA41CE223FA0032499E /* FatFinger */ = {
			isa = PBXNativeTarget;
			buildConfigurationList = E0AD7FAC1CE223FA0032499E /* Build configuration list for PBXNativeTarget "FatFinger" */;
			buildPhases = (
				E0AD7FA11CE223FA0032499E /* Sources */,
				E0AD7FA21CE223FA0032499E /* Frameworks */,
				E0AD7FA31CE223FA0032499E /* CopyFiles */,
			);
			buildRules = (
			);
			dependencies = (
			);
			name = FatFinger;
			productName = FatFinger;
			productReference = E0AD7FA51CE223FA0032499E /* FatFinger */;
			productType = "com.apple.product-type.tool";
		};
/* End PBXNativeTarget section */

/* Begin PBXProject section */
		E0AD7F9D1CE223FA0032499E /* Project object */ = {
			isa = PBXProject;
			attributes = {
				LastUpgradeCheck = 0730;
				ORGANIZATIONNAME = "Wave 39 LLC";
				TargetAttributes = {
					E0AD7FA41CE223FA0032499E = {
						CreatedOnToolsVersion = 7.3;
					};
				};
			};
			buildConfigurationList = E0AD7FA01CE223FA0032499E /* Build configuration list for PBXProject "FatFinger" */;
			compatibilityVersion = "Xcode 3.2";
			developmentRegion = English;
			hasScannedForEncodings = 0;
			knownRegions = (
				en,
			);
			mainGroup = E0AD7F9C1CE223FA0032499E;
			productRefGroup = E0AD7FA61CE223FA0032499E /* Products */;
			projectDirPath = "";
			projectRoot = "";
			targets = (
				E0AD7FA41CE223FA0032499E /* FatFinger */,
			);
		};
/* End PBXProject section */

/* Begin PBXSourcesBuildPhase section */
		E0AD7FA11CE223FA0032499E /* Sources */ = {
			isa = PBXSourcesBuildPhase;
			buildActionMask = 2147483647;
			files = (
				E0AD7FB11CE2258D0032499E /* FFProcessor.m in Sources */,
				E0AD7FA91CE223FA0032499E /* main.m in Sources */,
			);
			runOnlyForDeploymentPostprocessing = 0;
		};
/* End PBXSourcesBuildPhase section */

/* Begin XCBuildConfiguration section */
		E0AD7FAA1CE223FA0032499E /* Debug */ = {
			isa = XCBuildConfiguration;
			buildSettings = {
				ALWAYS_SEARCH_USER_PATHS = NO;
				CLANG_ANALYZER_NONNULL = YES;
				CLANG_CXX_LANGUAGE_STANDARD = "gnu++0x";
				CLANG_CXX_LIBRARY = "libc++";
				CLANG_ENABLE_MODULES = YES;
				CLANG_ENABLE_OBJC_ARC = YES;
				CLANG_WARN_BOOL_CONVERSION = YES;
				CLANG_WARN_CONSTANT_CONVERSION = YES;
				CLANG_WARN_DIRECT_OBJC_ISA_USAGE = YES_ERROR;
				CLANG_WARN_EMPTY_BODY = YES;
				CLANG_WARN_ENUM_CONVERSION = YES;
				CLANG_WARN_INT_CONVERSION = YES;
				CLANG_WARN_OBJC_ROOT_CLASS = YES_ERROR;
				CLANG_WARN_UNREACHABLE_CODE = YES;
				CLANG_WARN__DUPLICATE_METHOD_MATCH = YES;
				CODE_SIGN_IDENTITY = "-";
				COPY_PHASE_STRIP = NO;
				DEBUG_INFORMATION_FORMAT = dwarf;
				ENABLE_STRICT_OBJC_MSGSEND = YES;
				ENABLE_TESTABILITY = YES;
				GCC_C_LANGUAGE_STANDARD = gnu99;
				GCC_DYNAMIC_NO_PIC = NO;
				GCC_NO_COMMON_BLOCKS = YES;
				GCC_OPTIMIZATION_LEVEL = 0;
				GCC_PREPROCESSOR_DEFINITIONS = (
					"DEBUG=1",
					"$(inherited)",
				);
				GCC_WARN_64_TO_32_BIT_CONVERSION = YES;
				GCC_WARN_ABOUT_RETURN_TYPE = YES_ERROR;
				GCC_WARN_UNDECLARED_SELECTOR = YES;
				GCC_WARN_UNINITIALIZED_AUTOS = YES_AGGRESSIVE;
				GCC_WARN_UNUSED_FUNCTION = YES;
				GCC_WARN_UNUSED_VARIABLE = YES;
				MACOSX_DEPLOYMENT_TARGET = 10.11;
				MTL_ENABLE_DEBUG_INFO = YES;
				ONLY_ACTIVE_ARCH = YES;
				SDKROOT = macosx;
			};
			name = Debug;
		};
		E0AD7FAB1CE223FA0032499E /* Release */ = {
			isa = XCBuildConfiguration;
			buildSettings = {
				ALWAYS_SEARCH_USER_PATHS = NO;
				CLANG_ANALYZER_NONNULL = YES;
				CLANG_CXX_LANGUAGE_STANDARD = "gnu++0x";
				CLANG_CXX_LIBRARY = "libc++";
				CLANG_ENABLE_MODULES = YES;
				CLANG_ENABLE_OBJC_ARC = YES;
				CLANG_WARN_BOOL_CONVERSION = YES;
				CLANG_WARN_CONSTANT_CONVERSION = YES;
				CLANG_WARN_DIRECT_OBJC_ISA_USAGE = YES_ERROR;
				CLANG_WARN_EMPTY_BODY = YES;
				CLANG_WARN_ENUM_CONVERSION = YES;
				CLANG_WARN_INT_CONVERSION = YES;
				CLANG_WARN_OBJC_ROOT_CLASS = YES_ERROR;
				CLANG_WARN_UNREACHABLE_CODE = YES;
				CLANG_WARN__DUPLICATE_METHOD_MATCH = YES;
				CODE_SIGN_IDENTITY = "-";
				COPY_PHASE_STRIP = NO;
				DEBUG_INFORMATION_FORMAT = "dwarf-with-dsym";
				ENABLE_NS_ASSERTIONS = NO;
				ENABLE_STRICT_OBJC_MSGSEND = YES;
				GCC_C_LANGUAGE_STANDARD = gnu99;
				GCC_NO_COMMON_BLOCKS = YES;
				GCC_WARN_64_TO_32_BIT_CONVERSION = YES;
				GCC_WARN_ABOUT_RETURN_TYPE = YES_ERROR;
				GCC_WARN_UNDECLARED_SELECTOR = YES;
				GCC_WARN_UNINITIALIZED_AUTOS = YES_AGGRESSIVE;
				GCC_WARN_UNUSED_FUNCTION = YES;
				GCC_WARN_UNUSED_VARIABLE = YES;
				MACOSX_DEPLOYMENT_TARGET = 10.11;
				MTL_ENABLE_DEBUG_INFO = NO;
				SDKROOT = macosx;
			};
			name = Release;
		};
		E0AD7FAD1CE223FA0032499E /* Debug */ = {
			isa = XCBuildConfiguration;
			buildSettings = {
				PRODUCT_NAME = "$(TARGET_NAME)";
			};
			name = Debug;
		};
		E0AD7FAE1CE223FA0032499E /* Release */ = {
			isa = XCBuildConfiguration;
			buildSettings = {
				PRODUCT_NAME = "$(TARGET_NAME)";
			};
			name = Release;
		};
/* End XCBuildConfiguration section */

/* Begin XCConfigurationList section */
		E0AD7FA01CE223FA0032499E /* Build configuration list for PBXProject "FatFinger" */ = {
			isa = XCConfigurationList;
			buildConfigurations = (
				E0AD7FAA1CE223FA0032499E /* Debug */,
				E0AD7FAB1CE223FA0032499E /* Release */,
			);
			defaultConfigurationIsVisible = 0;
			defaultConfigurationName = Release;
		};
		E0AD7FAC1CE223FA0032499E /* Build configuration list for PBXNativeTarget "FatFinger" */ = {
			isa = XCConfigurationList;
			buildConfigurations = (
				E0AD7FAD1CE223FA0032499E /* Debug */,
				E0AD7FAE1CE223FA0032499E /* Release */,
			);
			defaultConfigurationIsVisible = 0;
		};
/* End XCConfigurationList section */
	};
	rootObject = E0AD7F9D1CE223FA0032499E /* Project object */;
}
